// !$*UTF8*$!
{
	archiveVersion = 1;
	classes = {
	};
	objectVersion = 48;
	objects = {

/* Begin PBXBuildFile section */
		950335CC2057765700BEBF7F /* ProductCollectionViewCell.swift in Sources */ = {isa = PBXBuildFile; fileRef = 950335CB2057765700BEBF7F /* ProductCollectionViewCell.swift */; };
		950335CE2057771300BEBF7F /* ProductViewController.swift in Sources */ = {isa = PBXBuildFile; fileRef = 950335CD2057771300BEBF7F /* ProductViewController.swift */; };
		955EE9382050C40000632EF5 /* AppDelegate.swift in Sources */ = {isa = PBXBuildFile; fileRef = 955EE9372050C40000632EF5 /* AppDelegate.swift */; };
		955EE93A2050C40000632EF5 /* ViewController.swift in Sources */ = {isa = PBXBuildFile; fileRef = 955EE9392050C40000632EF5 /* ViewController.swift */; };
		955EE93D2050C40000632EF5 /* Main.storyboard in Resources */ = {isa = PBXBuildFile; fileRef = 955EE93B2050C40000632EF5 /* Main.storyboard */; };
		955EE93F2050C40100632EF5 /* Assets.xcassets in Resources */ = {isa = PBXBuildFile; fileRef = 955EE93E2050C40100632EF5 /* Assets.xcassets */; };
		955EE9422050C40100632EF5 /* LaunchScreen.storyboard in Resources */ = {isa = PBXBuildFile; fileRef = 955EE9402050C40100632EF5 /* LaunchScreen.storyboard */; };
		955EE94D2050C40100632EF5 /* TechStepAppTests.swift in Sources */ = {isa = PBXBuildFile; fileRef = 955EE94C2050C40100632EF5 /* TechStepAppTests.swift */; };
		955EE9582050C40100632EF5 /* TechStepAppUITests.swift in Sources */ = {isa = PBXBuildFile; fileRef = 955EE9572050C40100632EF5 /* TechStepAppUITests.swift */; };
		956512012064121F00788118 /* Alamofire.framework in Frameworks */ = {isa = PBXBuildFile; fileRef = 956512002064121E00788118 /* Alamofire.framework */; };
		95651202206412D000788118 /* Alamofire.framework in Frameworks */ = {isa = PBXBuildFile; fileRef = 956512002064121E00788118 /* Alamofire.framework */; };
		95651203206412D000788118 /* Alamofire.framework in Embed Frameworks */ = {isa = PBXBuildFile; fileRef = 956512002064121E00788118 /* Alamofire.framework */; settings = {ATTRIBUTES = (CodeSignOnCopy, RemoveHeadersOnCopy, ); }; };
		95651206206568F300788118 /* SwiftyJSON.framework in Frameworks */ = {isa = PBXBuildFile; fileRef = 95651205206568F200788118 /* SwiftyJSON.framework */; };
		95651207206568FC00788118 /* SwiftyJSON.framework in Frameworks */ = {isa = PBXBuildFile; fileRef = 95651205206568F200788118 /* SwiftyJSON.framework */; };
		95651208206568FC00788118 /* SwiftyJSON.framework in Embed Frameworks */ = {isa = PBXBuildFile; fileRef = 95651205206568F200788118 /* SwiftyJSON.framework */; settings = {ATTRIBUTES = (CodeSignOnCopy, RemoveHeadersOnCopy, ); }; };
		95BEF42520579CB700908A68 /* SubProductViewController.swift in Sources */ = {isa = PBXBuildFile; fileRef = 95BEF42420579CB700908A68 /* SubProductViewController.swift */; };
		95BEF4272057A8A500908A68 /* ContactViewController.swift in Sources */ = {isa = PBXBuildFile; fileRef = 95BEF4262057A8A500908A68 /* ContactViewController.swift */; };
		95BF22EB20636E1F002C45DB /* CartTableViewController.swift in Sources */ = {isa = PBXBuildFile; fileRef = 95BF22EA20636E1F002C45DB /* CartTableViewController.swift */; };
		95FD60F12051C14200B03AC1 /* LoginViewController.swift in Sources */ = {isa = PBXBuildFile; fileRef = 95FD60F02051C14200B03AC1 /* LoginViewController.swift */; };
		95FD60F32051C16800B03AC1 /* RegisterViewController.swift in Sources */ = {isa = PBXBuildFile; fileRef = 95FD60F22051C16800B03AC1 /* RegisterViewController.swift */; };
/* End PBXBuildFile section */

/* Begin PBXContainerItemProxy section */
		955EE9492050C40100632EF5 /* PBXContainerItemProxy */ = {
			isa = PBXContainerItemProxy;
			containerPortal = 955EE92C2050C40000632EF5 /* Project object */;
			proxyType = 1;
			remoteGlobalIDString = 955EE9332050C40000632EF5;
			remoteInfo = TechStepApp;
		};
		955EE9542050C40100632EF5 /* PBXContainerItemProxy */ = {
			isa = PBXContainerItemProxy;
			containerPortal = 955EE92C2050C40000632EF5 /* Project object */;
			proxyType = 1;
			remoteGlobalIDString = 955EE9332050C40000632EF5;
			remoteInfo = TechStepApp;
		};
/* End PBXContainerItemProxy section */

/* Begin PBXCopyFilesBuildPhase section */
		95651204206412D000788118 /* Embed Frameworks */ = {
			isa = PBXCopyFilesBuildPhase;
			buildActionMask = 2147483647;
			dstPath = "";
			dstSubfolderSpec = 10;
			files = (
				95651208206568FC00788118 /* SwiftyJSON.framework in Embed Frameworks */,
				95651203206412D000788118 /* Alamofire.framework in Embed Frameworks */,
			);
			name = "Embed Frameworks";
			runOnlyForDeploymentPostprocessing = 0;
		};
/* End PBXCopyFilesBuildPhase section */

/* Begin PBXFileReference section */
		950335CB2057765700BEBF7F /* ProductCollectionViewCell.swift */ = {isa = PBXFileReference; lastKnownFileType = sourcecode.swift; path = ProductCollectionViewCell.swift; sourceTree = "<group>"; };
		950335CD2057771300BEBF7F /* ProductViewController.swift */ = {isa = PBXFileReference; lastKnownFileType = sourcecode.swift; path = ProductViewController.swift; sourceTree = "<group>"; };
		955EE9342050C40000632EF5 /* TechStepApp.app */ = {isa = PBXFileReference; explicitFileType = wrapper.application; includeInIndex = 0; path = TechStepApp.app; sourceTree = BUILT_PRODUCTS_DIR; };
		955EE9372050C40000632EF5 /* AppDelegate.swift */ = {isa = PBXFileReference; lastKnownFileType = sourcecode.swift; path = AppDelegate.swift; sourceTree = "<group>"; };
		955EE9392050C40000632EF5 /* ViewController.swift */ = {isa = PBXFileReference; lastKnownFileType = sourcecode.swift; path = ViewController.swift; sourceTree = "<group>"; };
		955EE93C2050C40000632EF5 /* Base */ = {isa = PBXFileReference; lastKnownFileType = file.storyboard; name = Base; path = Base.lproj/Main.storyboard; sourceTree = "<group>"; };
		955EE93E2050C40100632EF5 /* Assets.xcassets */ = {isa = PBXFileReference; lastKnownFileType = folder.assetcatalog; path = Assets.xcassets; sourceTree = "<group>"; };
		955EE9412050C40100632EF5 /* Base */ = {isa = PBXFileReference; lastKnownFileType = file.storyboard; name = Base; path = Base.lproj/LaunchScreen.storyboard; sourceTree = "<group>"; };
		955EE9432050C40100632EF5 /* Info.plist */ = {isa = PBXFileReference; lastKnownFileType = text.plist.xml; path = Info.plist; sourceTree = "<group>"; };
		955EE9482050C40100632EF5 /* TechStepAppTests.xctest */ = {isa = PBXFileReference; explicitFileType = wrapper.cfbundle; includeInIndex = 0; path = TechStepAppTests.xctest; sourceTree = BUILT_PRODUCTS_DIR; };
		955EE94C2050C40100632EF5 /* TechStepAppTests.swift */ = {isa = PBXFileReference; lastKnownFileType = sourcecode.swift; path = TechStepAppTests.swift; sourceTree = "<group>"; };
		955EE94E2050C40100632EF5 /* Info.plist */ = {isa = PBXFileReference; lastKnownFileType = text.plist.xml; path = Info.plist; sourceTree = "<group>"; };
		955EE9532050C40100632EF5 /* TechStepAppUITests.xctest */ = {isa = PBXFileReference; explicitFileType = wrapper.cfbundle; includeInIndex = 0; path = TechStepAppUITests.xctest; sourceTree = BUILT_PRODUCTS_DIR; };
		955EE9572050C40100632EF5 /* TechStepAppUITests.swift */ = {isa = PBXFileReference; lastKnownFileType = sourcecode.swift; path = TechStepAppUITests.swift; sourceTree = "<group>"; };
		955EE9592050C40100632EF5 /* Info.plist */ = {isa = PBXFileReference; lastKnownFileType = text.plist.xml; path = Info.plist; sourceTree = "<group>"; };
		956512002064121E00788118 /* Alamofire.framework */ = {isa = PBXFileReference; lastKnownFileType = wrapper.framework; name = Alamofire.framework; path = Carthage/Build/iOS/Alamofire.framework; sourceTree = "<group>"; };
		95651205206568F200788118 /* SwiftyJSON.framework */ = {isa = PBXFileReference; lastKnownFileType = wrapper.framework; name = SwiftyJSON.framework; path = Carthage/Build/iOS/SwiftyJSON.framework; sourceTree = "<group>"; };
		95BEF42420579CB700908A68 /* SubProductViewController.swift */ = {isa = PBXFileReference; lastKnownFileType = sourcecode.swift; path = SubProductViewController.swift; sourceTree = "<group>"; };
		95BEF4262057A8A500908A68 /* ContactViewController.swift */ = {isa = PBXFileReference; lastKnownFileType = sourcecode.swift; path = ContactViewController.swift; sourceTree = "<group>"; };
		95BF22EA20636E1F002C45DB /* CartTableViewController.swift */ = {isa = PBXFileReference; lastKnownFileType = sourcecode.swift; path = CartTableViewController.swift; sourceTree = "<group>"; };
		95FD60F02051C14200B03AC1 /* LoginViewController.swift */ = {isa = PBXFileReference; lastKnownFileType = sourcecode.swift; path = LoginViewController.swift; sourceTree = "<group>"; };
		95FD60F22051C16800B03AC1 /* RegisterViewController.swift */ = {isa = PBXFileReference; lastKnownFileType = sourcecode.swift; path = RegisterViewController.swift; sourceTree = "<group>"; };
/* End PBXFileReference section */

/* Begin PBXFrameworksBuildPhase section */
		955EE9312050C40000632EF5 /* Frameworks */ = {
			isa = PBXFrameworksBuildPhase;
			buildActionMask = 2147483647;
			files = (
				95651207206568FC00788118 /* SwiftyJSON.framework in Frameworks */,
				956512012064121F00788118 /* Alamofire.framework in Frameworks */,
				95651202206412D000788118 /* Alamofire.framework in Frameworks */,
				95651206206568F300788118 /* SwiftyJSON.framework in Frameworks */,
			);
			runOnlyForDeploymentPostprocessing = 0;
		};
		955EE9452050C40100632EF5 /* Frameworks */ = {
			isa = PBXFrameworksBuildPhase;
			buildActionMask = 2147483647;
			files = (
			);
			runOnlyForDeploymentPostprocessing = 0;
		};
		955EE9502050C40100632EF5 /* Frameworks */ = {
			isa = PBXFrameworksBuildPhase;
			buildActionMask = 2147483647;
			files = (
			);
			runOnlyForDeploymentPostprocessing = 0;
		};
/* End PBXFrameworksBuildPhase section */

/* Begin PBXGroup section */
		955EE92B2050C40000632EF5 = {
			isa = PBXGroup;
			children = (
				95651205206568F200788118 /* SwiftyJSON.framework */,
				956512002064121E00788118 /* Alamofire.framework */,
				955EE9362050C40000632EF5 /* TechStepApp */,
				955EE94B2050C40100632EF5 /* TechStepAppTests */,
				955EE9562050C40100632EF5 /* TechStepAppUITests */,
				955EE9352050C40000632EF5 /* Products */,
			);
			sourceTree = "<group>";
		};
		955EE9352050C40000632EF5 /* Products */ = {
			isa = PBXGroup;
			children = (
				955EE9342050C40000632EF5 /* TechStepApp.app */,
				955EE9482050C40100632EF5 /* TechStepAppTests.xctest */,
				955EE9532050C40100632EF5 /* TechStepAppUITests.xctest */,
			);
			name = Products;
			sourceTree = "<group>";
		};
		955EE9362050C40000632EF5 /* TechStepApp */ = {
			isa = PBXGroup;
			children = (
				955EE9372050C40000632EF5 /* AppDelegate.swift */,
				955EE9392050C40000632EF5 /* ViewController.swift */,
				955EE93B2050C40000632EF5 /* Main.storyboard */,
				955EE93E2050C40100632EF5 /* Assets.xcassets */,
				955EE9402050C40100632EF5 /* LaunchScreen.storyboard */,
				955EE9432050C40100632EF5 /* Info.plist */,
				95FD60F02051C14200B03AC1 /* LoginViewController.swift */,
				95FD60F22051C16800B03AC1 /* RegisterViewController.swift */,
				950335CB2057765700BEBF7F /* ProductCollectionViewCell.swift */,
				950335CD2057771300BEBF7F /* ProductViewController.swift */,
				95BEF42420579CB700908A68 /* SubProductViewController.swift */,
				95BEF4262057A8A500908A68 /* ContactViewController.swift */,
				95BF22EA20636E1F002C45DB /* CartTableViewController.swift */,
			);
			path = TechStepApp;
			sourceTree = "<group>";
		};
		955EE94B2050C40100632EF5 /* TechStepAppTests */ = {
			isa = PBXGroup;
			children = (
				955EE94C2050C40100632EF5 /* TechStepAppTests.swift */,
				955EE94E2050C40100632EF5 /* Info.plist */,
			);
			path = TechStepAppTests;
			sourceTree = "<group>";
		};
		955EE9562050C40100632EF5 /* TechStepAppUITests */ = {
			isa = PBXGroup;
			children = (
				955EE9572050C40100632EF5 /* TechStepAppUITests.swift */,
				955EE9592050C40100632EF5 /* Info.plist */,
			);
			path = TechStepAppUITests;
			sourceTree = "<group>";
		};
/* End PBXGroup section */

/* Begin PBXNativeTarget section */
		955EE9332050C40000632EF5 /* TechStepApp */ = {
			isa = PBXNativeTarget;
			buildConfigurationList = 955EE95C2050C40100632EF5 /* Build configuration list for PBXNativeTarget "TechStepApp" */;
			buildPhases = (
				955EE9302050C40000632EF5 /* Sources */,
				955EE9312050C40000632EF5 /* Frameworks */,
				955EE9322050C40000632EF5 /* Resources */,
				95651204206412D000788118 /* Embed Frameworks */,
			);
			buildRules = (
			);
			dependencies = (
			);
			name = TechStepApp;
			productName = TechStepApp;
			productReference = 955EE9342050C40000632EF5 /* TechStepApp.app */;
			productType = "com.apple.product-type.application";
		};
		955EE9472050C40100632EF5 /* TechStepAppTests */ = {
			isa = PBXNativeTarget;
			buildConfigurationList = 955EE95F2050C40100632EF5 /* Build configuration list for PBXNativeTarget "TechStepAppTests" */;
			buildPhases = (
				14D3679374C68DECE5C50DC5 /* [CP] Check Pods Manifest.lock */,
				955EE9442050C40100632EF5 /* Sources */,
				955EE9452050C40100632EF5 /* Frameworks */,
				955EE9462050C40100632EF5 /* Resources */,
				4753AF719A1169EB9D3DAFDB /* [CP] Embed Pods Frameworks */,
				59CCF8BF6AE46FB14676F490 /* [CP] Copy Pods Resources */,
			);
			buildRules = (
			);
			dependencies = (
				955EE94A2050C40100632EF5 /* PBXTargetDependency */,
			);
			name = TechStepAppTests;
			productName = TechStepAppTests;
			productReference = 955EE9482050C40100632EF5 /* TechStepAppTests.xctest */;
			productType = "com.apple.product-type.bundle.unit-test";
		};
		955EE9522050C40100632EF5 /* TechStepAppUITests */ = {
			isa = PBXNativeTarget;
			buildConfigurationList = 955EE9622050C40100632EF5 /* Build configuration list for PBXNativeTarget "TechStepAppUITests" */;
			buildPhases = (
				467B129CCDE2AB47842B5A54 /* [CP] Check Pods Manifest.lock */,
				955EE94F2050C40100632EF5 /* Sources */,
				955EE9502050C40100632EF5 /* Frameworks */,
				955EE9512050C40100632EF5 /* Resources */,
				ED58935632D1F2924F30BFC7 /* [CP] Embed Pods Frameworks */,
				D96652EA565BC2546FA6CD2C /* [CP] Copy Pods Resources */,
			);
			buildRules = (
			);
			dependencies = (
				955EE9552050C40100632EF5 /* PBXTargetDependency */,
			);
			name = TechStepAppUITests;
			productName = TechStepAppUITests;
			productReference = 955EE9532050C40100632EF5 /* TechStepAppUITests.xctest */;
			productType = "com.apple.product-type.bundle.ui-testing";
		};
/* End PBXNativeTarget section */

/* Begin PBXProject section */
		955EE92C2050C40000632EF5 /* Project object */ = {
			isa = PBXProject;
			attributes = {
				LastSwiftUpdateCheck = 0910;
				LastUpgradeCheck = 0910;
				ORGANIZATIONNAME = smile;
				TargetAttributes = {
					955EE9332050C40000632EF5 = {
						CreatedOnToolsVersion = 9.1;
						ProvisioningStyle = Automatic;
					};
					955EE9472050C40100632EF5 = {
						CreatedOnToolsVersion = 9.1;
						ProvisioningStyle = Automatic;
						TestTargetID = 955EE9332050C40000632EF5;
					};
					955EE9522050C40100632EF5 = {
						CreatedOnToolsVersion = 9.1;
						ProvisioningStyle = Automatic;
						TestTargetID = 955EE9332050C40000632EF5;
					};
				};
			};
			buildConfigurationList = 955EE92F2050C40000632EF5 /* Build configuration list for PBXProject "TechStepApp" */;
			compatibilityVersion = "Xcode 8.0";
			developmentRegion = en;
			hasScannedForEncodings = 0;
			knownRegions = (
				en,
				Base,
			);
			mainGroup = 955EE92B2050C40000632EF5;
			productRefGroup = 955EE9352050C40000632EF5 /* Products */;
			projectDirPath = "";
			projectRoot = "";
			targets = (
				955EE9332050C40000632EF5 /* TechStepApp */,
				955EE9472050C40100632EF5 /* TechStepAppTests */,
				955EE9522050C40100632EF5 /* TechStepAppUITests */,
			);
		};
/* End PBXProject section */

/* Begin PBXResourcesBuildPhase section */
		955EE9322050C40000632EF5 /* Resources */ = {
			isa = PBXResourcesBuildPhase;
			buildActionMask = 2147483647;
			files = (
				955EE9422050C40100632EF5 /* LaunchScreen.storyboard in Resources */,
				955EE93F2050C40100632EF5 /* Assets.xcassets in Resources */,
				955EE93D2050C40000632EF5 /* Main.storyboard in Resources */,
			);
			runOnlyForDeploymentPostprocessing = 0;
		};
		955EE9462050C40100632EF5 /* Resources */ = {
			isa = PBXResourcesBuildPhase;
			buildActionMask = 2147483647;
			files = (
			);
			runOnlyForDeploymentPostprocessing = 0;
		};
		955EE9512050C40100632EF5 /* Resources */ = {
			isa = PBXResourcesBuildPhase;
			buildActionMask = 2147483647;
			files = (
			);
			runOnlyForDeploymentPostprocessing = 0;
		};
/* End PBXResourcesBuildPhase section */

/* Begin PBXShellScriptBuildPhase section */
		14D3679374C68DECE5C50DC5 /* [CP] Check Pods Manifest.lock */ = {
			isa = PBXShellScriptBuildPhase;
			buildActionMask = 2147483647;
			files = (
			);
			inputPaths = (
				"${PODS_PODFILE_DIR_PATH}/Podfile.lock",
				"${PODS_ROOT}/Manifest.lock",
			);
			name = "[CP] Check Pods Manifest.lock";
			outputPaths = (
				"$(DERIVED_FILE_DIR)/Pods-TechStepAppTests-checkManifestLockResult.txt",
			);
			runOnlyForDeploymentPostprocessing = 0;
			shellPath = /bin/sh;
			shellScript = "diff \"${PODS_PODFILE_DIR_PATH}/Podfile.lock\" \"${PODS_ROOT}/Manifest.lock\" > /dev/null\nif [ $? != 0 ] ; then\n    # print error to STDERR\n    echo \"error: The sandbox is not in sync with the Podfile.lock. Run 'pod install' or update your CocoaPods installation.\" >&2\n    exit 1\nfi\n# This output is used by Xcode 'outputs' to avoid re-running this script phase.\necho \"SUCCESS\" > \"${SCRIPT_OUTPUT_FILE_0}\"\n";
			showEnvVarsInLog = 0;
		};
		467B129CCDE2AB47842B5A54 /* [CP] Check Pods Manifest.lock */ = {
			isa = PBXShellScriptBuildPhase;
			buildActionMask = 2147483647;
			files = (
			);
			inputPaths = (
				"${PODS_PODFILE_DIR_PATH}/Podfile.lock",
				"${PODS_ROOT}/Manifest.lock",
			);
			name = "[CP] Check Pods Manifest.lock";
			outputPaths = (
				"$(DERIVED_FILE_DIR)/Pods-TechStepAppUITests-checkManifestLockResult.txt",
			);
			runOnlyForDeploymentPostprocessing = 0;
			shellPath = /bin/sh;
			shellScript = "diff \"${PODS_PODFILE_DIR_PATH}/Podfile.lock\" \"${PODS_ROOT}/Manifest.lock\" > /dev/null\nif [ $? != 0 ] ; then\n    # print error to STDERR\n    echo \"error: The sandbox is not in sync with the Podfile.lock. Run 'pod install' or update your CocoaPods installation.\" >&2\n    exit 1\nfi\n# This output is used by Xcode 'outputs' to avoid re-running this script phase.\necho \"SUCCESS\" > \"${SCRIPT_OUTPUT_FILE_0}\"\n";
			showEnvVarsInLog = 0;
		};
		4753AF719A1169EB9D3DAFDB /* [CP] Embed Pods Frameworks */ = {
			isa = PBXShellScriptBuildPhase;
			buildActionMask = 2147483647;
			files = (
			);
			inputPaths = (
			);
			name = "[CP] Embed Pods Frameworks";
			outputPaths = (
			);
			runOnlyForDeploymentPostprocessing = 0;
			shellPath = /bin/sh;
			shellScript = "\"${SRCROOT}/Pods/Target Support Files/Pods-TechStepAppTests/Pods-TechStepAppTests-frameworks.sh\"\n";
			showEnvVarsInLog = 0;
		};
		59CCF8BF6AE46FB14676F490 /* [CP] Copy Pods Resources */ = {
			isa = PBXShellScriptBuildPhase;
			buildActionMask = 2147483647;
			files = (
			);
			inputPaths = (
			);
			name = "[CP] Copy Pods Resources";
			outputPaths = (
			);
			runOnlyForDeploymentPostprocessing = 0;
			shellPath = /bin/sh;
			shellScript = "\"${SRCROOT}/Pods/Target Support Files/Pods-TechStepAppTests/Pods-TechStepAppTests-resources.sh\"\n";
			showEnvVarsInLog = 0;
		};
		D96652EA565BC2546FA6CD2C /* [CP] Copy Pods Resources */ = {
			isa = PBXShellScriptBuildPhase;
			buildActionMask = 2147483647;
			files = (
			);
			inputPaths = (
			);
			name = "[CP] Copy Pods Resources";
			outputPaths = (
			);
			runOnlyForDeploymentPostprocessing = 0;
			shellPath = /bin/sh;
			shellScript = "\"${SRCROOT}/Pods/Target Support Files/Pods-TechStepAppUITests/Pods-TechStepAppUITests-resources.sh\"\n";
			showEnvVarsInLog = 0;
		};
		ED58935632D1F2924F30BFC7 /* [CP] Embed Pods Frameworks */ = {
			isa = PBXShellScriptBuildPhase;
			buildActionMask = 2147483647;
			files = (
			);
			inputPaths = (
			);
			name = "[CP] Embed Pods Frameworks";
			outputPaths = (
			);
			runOnlyForDeploymentPostprocessing = 0;
			shellPath = /bin/sh;
			shellScript = "\"${SRCROOT}/Pods/Target Support Files/Pods-TechStepAppUITests/Pods-TechStepAppUITests-frameworks.sh\"\n";
			showEnvVarsInLog = 0;
		};
/* End PBXShellScriptBuildPhase section */

/* Begin PBXSourcesBuildPhase section */
		955EE9302050C40000632EF5 /* Sources */ = {
			isa = PBXSourcesBuildPhase;
			buildActionMask = 2147483647;
			files = (
				950335CE2057771300BEBF7F /* ProductViewController.swift in Sources */,
				95BEF4272057A8A500908A68 /* ContactViewController.swift in Sources */,
				95FD60F12051C14200B03AC1 /* LoginViewController.swift in Sources */,
				955EE93A2050C40000632EF5 /* ViewController.swift in Sources */,
				950335CC2057765700BEBF7F /* ProductCollectionViewCell.swift in Sources */,
				95BEF42520579CB700908A68 /* SubProductViewController.swift in Sources */,
				955EE9382050C40000632EF5 /* AppDelegate.swift in Sources */,
				95BF22EB20636E1F002C45DB /* CartTableViewController.swift in Sources */,
				95FD60F32051C16800B03AC1 /* RegisterViewController.swift in Sources */,
			);
			runOnlyForDeploymentPostprocessing = 0;
		};
		955EE9442050C40100632EF5 /* Sources */ = {
			isa = PBXSourcesBuildPhase;
			buildActionMask = 2147483647;
			files = (
				955EE94D2050C40100632EF5 /* TechStepAppTests.swift in Sources */,
			);
			runOnlyForDeploymentPostprocessing = 0;
		};
		955EE94F2050C40100632EF5 /* Sources */ = {
			isa = PBXSourcesBuildPhase;
			buildActionMask = 2147483647;
			files = (
				955EE9582050C40100632EF5 /* TechStepAppUITests.swift in Sources */,
			);
			runOnlyForDeploymentPostprocessing = 0;
		};
/* End PBXSourcesBuildPhase section */

/* Begin PBXTargetDependency section */
		955EE94A2050C40100632EF5 /* PBXTargetDependency */ = {
			isa = PBXTargetDependency;
			target = 955EE9332050C40000632EF5 /* TechStepApp */;
			targetProxy = 955EE9492050C40100632EF5 /* PBXContainerItemProxy */;
		};
		955EE9552050C40100632EF5 /* PBXTargetDependency */ = {
			isa = PBXTargetDependency;
			target = 955EE9332050C40000632EF5 /* TechStepApp */;
			targetProxy = 955EE9542050C40100632EF5 /* PBXContainerItemProxy */;
		};
/* End PBXTargetDependency section */

/* Begin PBXVariantGroup section */
		955EE93B2050C40000632EF5 /* Main.storyboard */ = {
			isa = PBXVariantGroup;
			children = (
				955EE93C2050C40000632EF5 /* Base */,
			);
			name = Main.storyboard;
			sourceTree = "<group>";
		};
		955EE9402050C40100632EF5 /* LaunchScreen.storyboard */ = {
			isa = PBXVariantGroup;
			children = (
				955EE9412050C40100632EF5 /* Base */,
			);
			name = LaunchScreen.storyboard;
			sourceTree = "<group>";
		};
/* End PBXVariantGroup section */

/* Begin XCBuildConfiguration section */
		955EE95A2050C40100632EF5 /* Debug */ = {
			isa = XCBuildConfiguration;
			buildSettings = {
				ALWAYS_SEARCH_USER_PATHS = NO;
				CLANG_ANALYZER_NONNULL = YES;
				CLANG_ANALYZER_NUMBER_OBJECT_CONVERSION = YES_AGGRESSIVE;
				CLANG_CXX_LANGUAGE_STANDARD = "gnu++14";
				CLANG_CXX_LIBRARY = "libc++";
				CLANG_ENABLE_MODULES = YES;
				CLANG_ENABLE_OBJC_ARC = YES;
				CLANG_WARN_BLOCK_CAPTURE_AUTORELEASING = YES;
				CLANG_WARN_BOOL_CONVERSION = YES;
				CLANG_WARN_COMMA = YES;
				CLANG_WARN_CONSTANT_CONVERSION = YES;
				CLANG_WARN_DIRECT_OBJC_ISA_USAGE = YES_ERROR;
				CLANG_WARN_DOCUMENTATION_COMMENTS = YES;
				CLANG_WARN_EMPTY_BODY = YES;
				CLANG_WARN_ENUM_CONVERSION = YES;
				CLANG_WARN_INFINITE_RECURSION = YES;
				CLANG_WARN_INT_CONVERSION = YES;
				CLANG_WARN_NON_LITERAL_NULL_CONVERSION = YES;
				CLANG_WARN_OBJC_LITERAL_CONVERSION = YES;
				CLANG_WARN_OBJC_ROOT_CLASS = YES_ERROR;
				CLANG_WARN_RANGE_LOOP_ANALYSIS = YES;
				CLANG_WARN_STRICT_PROTOTYPES = YES;
				CLANG_WARN_SUSPICIOUS_MOVE = YES;
				CLANG_WARN_UNGUARDED_AVAILABILITY = YES_AGGRESSIVE;
				CLANG_WARN_UNREACHABLE_CODE = YES;
				CLANG_WARN__DUPLICATE_METHOD_MATCH = YES;
				CODE_SIGN_IDENTITY = "iPhone Developer";
				COPY_PHASE_STRIP = NO;
				DEBUG_INFORMATION_FORMAT = dwarf;
				ENABLE_STRICT_OBJC_MSGSEND = YES;
				ENABLE_TESTABILITY = YES;
				GCC_C_LANGUAGE_STANDARD = gnu11;
				GCC_DYNAMIC_NO_PIC = NO;
				GCC_NO_COMMON_BLOCKS = YES;
				GCC_OPTIMIZATION_LEVEL = 0;
				GCC_PREPROCESSOR_DEFINITIONS = (
					"DEBUG=1",
					"$(inherited)",
				);
				GCC_WARN_64_TO_32_BIT_CONVERSION = YES;
				GCC_WARN_ABOUT_RETURN_TYPE = YES_ERROR;
				GCC_WARN_UNDECLARED_SELECTOR = YES;
				GCC_WARN_UNINITIALIZED_AUTOS = YES_AGGRESSIVE;
				GCC_WARN_UNUSED_FUNCTION = YES;
				GCC_WARN_UNUSED_VARIABLE = YES;
				IPHONEOS_DEPLOYMENT_TARGET = 11.1;
				MTL_ENABLE_DEBUG_INFO = YES;
				ONLY_ACTIVE_ARCH = YES;
				SDKROOT = iphoneos;
				SWIFT_ACTIVE_COMPILATION_CONDITIONS = DEBUG;
				SWIFT_OPTIMIZATION_LEVEL = "-Onone";
			};
			name = Debug;
		};
		955EE95B2050C40100632EF5 /* Release */ = {
			isa = XCBuildConfiguration;
			buildSettings = {
				ALWAYS_SEARCH_USER_PATHS = NO;
				CLANG_ANALYZER_NONNULL = YES;
				CLANG_ANALYZER_NUMBER_OBJECT_CONVERSION = YES_AGGRESSIVE;
				CLANG_CXX_LANGUAGE_STANDARD = "gnu++14";
				CLANG_CXX_LIBRARY = "libc++";
				CLANG_ENABLE_MODULES = YES;
				CLANG_ENABLE_OBJC_ARC = YES;
				CLANG_WARN_BLOCK_CAPTURE_AUTORELEASING = YES;
				CLANG_WARN_BOOL_CONVERSION = YES;
				CLANG_WARN_COMMA = YES;
				CLANG_WARN_CONSTANT_CONVERSION = YES;
				CLANG_WARN_DIRECT_OBJC_ISA_USAGE = YES_ERROR;
				CLANG_WARN_DOCUMENTATION_COMMENTS = YES;
				CLANG_WARN_EMPTY_BODY = YES;
				CLANG_WARN_ENUM_CONVERSION = YES;
				CLANG_WARN_INFINITE_RECURSION = YES;
				CLANG_WARN_INT_CONVERSION = YES;
				CLANG_WARN_NON_LITERAL_NULL_CONVERSION = YES;
				CLANG_WARN_OBJC_LITERAL_CONVERSION = YES;
				CLANG_WARN_OBJC_ROOT_CLASS = YES_ERROR;
				CLANG_WARN_RANGE_LOOP_ANALYSIS = YES;
				CLANG_WARN_STRICT_PROTOTYPES = YES;
				CLANG_WARN_SUSPICIOUS_MOVE = YES;
				CLANG_WARN_UNGUARDED_AVAILABILITY = YES_AGGRESSIVE;
				CLANG_WARN_UNREACHABLE_CODE = YES;
				CLANG_WARN__DUPLICATE_METHOD_MATCH = YES;
				CODE_SIGN_IDENTITY = "iPhone Developer";
				COPY_PHASE_STRIP = NO;
				DEBUG_INFORMATION_FORMAT = "dwarf-with-dsym";
				ENABLE_NS_ASSERTIONS = NO;
				ENABLE_STRICT_OBJC_MSGSEND = YES;
				GCC_C_LANGUAGE_STANDARD = gnu11;
				GCC_NO_COMMON_BLOCKS = YES;
				GCC_WARN_64_TO_32_BIT_CONVERSION = YES;
				GCC_WARN_ABOUT_RETURN_TYPE = YES_ERROR;
				GCC_WARN_UNDECLARED_SELECTOR = YES;
				GCC_WARN_UNINITIALIZED_AUTOS = YES_AGGRESSIVE;
				GCC_WARN_UNUSED_FUNCTION = YES;
				GCC_WARN_UNUSED_VARIABLE = YES;
				IPHONEOS_DEPLOYMENT_TARGET = 11.1;
				MTL_ENABLE_DEBUG_INFO = NO;
				SDKROOT = iphoneos;
				SWIFT_OPTIMIZATION_LEVEL = "-Owholemodule";
				VALIDATE_PRODUCT = YES;
			};
			name = Release;
		};
		955EE95D2050C40100632EF5 /* Debug */ = {
			isa = XCBuildConfiguration;
			buildSettings = {
				ASSETCATALOG_COMPILER_APPICON_NAME = AppIcon;
				CODE_SIGN_STYLE = Automatic;
				DEVELOPMENT_TEAM = C574GR48RP;
				FRAMEWORK_SEARCH_PATHS = (
					"$(inherited)",
					"$(PROJECT_DIR)/Carthage/Build/iOS",
				);
				INFOPLIST_FILE = TechStepApp/Info.plist;
				LD_RUNPATH_SEARCH_PATHS = "$(inherited) @executable_path/Frameworks";
				PRODUCT_BUNDLE_IDENTIFIER = Mobile.TechStepApp;
				PRODUCT_NAME = "$(TARGET_NAME)";
				SWIFT_VERSION = 4.0;
				TARGETED_DEVICE_FAMILY = "1,2";
			};
			name = Debug;
		};
		955EE95E2050C40100632EF5 /* Release */ = {
			isa = XCBuildConfiguration;
			buildSettings = {
				ASSETCATALOG_COMPILER_APPICON_NAME = AppIcon;
				CODE_SIGN_STYLE = Automatic;
				DEVELOPMENT_TEAM = C574GR48RP;
				FRAMEWORK_SEARCH_PATHS = (
					"$(inherited)",
					"$(PROJECT_DIR)/Carthage/Build/iOS",
				);
				INFOPLIST_FILE = TechStepApp/Info.plist;
				LD_RUNPATH_SEARCH_PATHS = "$(inherited) @executable_path/Frameworks";
				PRODUCT_BUNDLE_IDENTIFIER = Mobile.TechStepApp;
				PRODUCT_NAME = "$(TARGET_NAME)";
				SWIFT_VERSION = 4.0;
				TARGETED_DEVICE_FAMILY = "1,2";
			};
			name = Release;
		};
		955EE9602050C40100632EF5 /* Debug */ = {
			isa = XCBuildConfiguration;
			buildSettings = {
				ALWAYS_EMBED_SWIFT_STANDARD_LIBRARIES = YES;
				BUNDLE_LOADER = "$(TEST_HOST)";
				CODE_SIGN_STYLE = Automatic;
				DEVELOPMENT_TEAM = C574GR48RP;
				INFOPLIST_FILE = TechStepAppTests/Info.plist;
				LD_RUNPATH_SEARCH_PATHS = "$(inherited) @executable_path/Frameworks @loader_path/Frameworks";
				PRODUCT_BUNDLE_IDENTIFIER = Mobile.TechStepAppTests;
				PRODUCT_NAME = "$(TARGET_NAME)";
				SWIFT_VERSION = 4.0;
				TARGETED_DEVICE_FAMILY = "1,2";
				TEST_HOST = "$(BUILT_PRODUCTS_DIR)/TechStepApp.app/TechStepApp";
			};
			name = Debug;
		};
		955EE9612050C40100632EF5 /* Release */ = {
			isa = XCBuildConfiguration;
			buildSettings = {
				ALWAYS_EMBED_SWIFT_STANDARD_LIBRARIES = YES;
				BUNDLE_LOADER = "$(TEST_HOST)";
				CODE_SIGN_STYLE = Automatic;
				DEVELOPMENT_TEAM = C574GR48RP;
				INFOPLIST_FILE = TechStepAppTests/Info.plist;
				LD_RUNPATH_SEARCH_PATHS = "$(inherited) @executable_path/Frameworks @loader_path/Frameworks";
				PRODUCT_BUNDLE_IDENTIFIER = Mobile.TechStepAppTests;
				PRODUCT_NAME = "$(TARGET_NAME)";
				SWIFT_VERSION = 4.0;
				TARGETED_DEVICE_FAMILY = "1,2";
				TEST_HOST = "$(BUILT_PRODUCTS_DIR)/TechStepApp.app/TechStepApp";
			};
			name = Release;
		};
		955EE9632050C40100632EF5 /* Debug */ = {
			isa = XCBuildConfiguration;
			buildSettings = {
				ALWAYS_EMBED_SWIFT_STANDARD_LIBRARIES = YES;
				CODE_SIGN_STYLE = Automatic;
				DEVELOPMENT_TEAM = C574GR48RP;
				INFOPLIST_FILE = TechStepAppUITests/Info.plist;
				LD_RUNPATH_SEARCH_PATHS = "$(inherited) @executable_path/Frameworks @loader_path/Frameworks";
				PRODUCT_BUNDLE_IDENTIFIER = Mobile.TechStepAppUITests;
				PRODUCT_NAME = "$(TARGET_NAME)";
				SWIFT_VERSION = 4.0;
				TARGETED_DEVICE_FAMILY = "1,2";
				TEST_TARGET_NAME = TechStepApp;
			};
			name = Debug;
		};
		955EE9642050C40100632EF5 /* Release */ = {
			isa = XCBuildConfiguration;
			buildSettings = {
				ALWAYS_EMBED_SWIFT_STANDARD_LIBRARIES = YES;
				CODE_SIGN_STYLE = Automatic;
				DEVELOPMENT_TEAM = C574GR48RP;
				INFOPLIST_FILE = TechStepAppUITests/Info.plist;
				LD_RUNPATH_SEARCH_PATHS = "$(inherited) @executable_path/Frameworks @loader_path/Frameworks";
				PRODUCT_BUNDLE_IDENTIFIER = Mobile.TechStepAppUITests;
				PRODUCT_NAME = "$(TARGET_NAME)";
				SWIFT_VERSION = 4.0;
				TARGETED_DEVICE_FAMILY = "1,2";
				TEST_TARGET_NAME = TechStepApp;
			};
			name = Release;
		};
/* End XCBuildConfiguration section */

/* Begin XCConfigurationList section */
		955EE92F2050C40000632EF5 /* Build configuration list for PBXProject "TechStepApp" */ = {
			isa = XCConfigurationList;
			buildConfigurations = (
				955EE95A2050C40100632EF5 /* Debug */,
				955EE95B2050C40100632EF5 /* Release */,
			);
			defaultConfigurationIsVisible = 0;
			defaultConfigurationName = Release;
		};
		955EE95C2050C40100632EF5 /* Build configuration list for PBXNativeTarget "TechStepApp" */ = {
			isa = XCConfigurationList;
			buildConfigurations = (
				955EE95D2050C40100632EF5 /* Debug */,
				955EE95E2050C40100632EF5 /* Release */,
			);
			defaultConfigurationIsVisible = 0;
			defaultConfigurationName = Release;
		};
		955EE95F2050C40100632EF5 /* Build configuration list for PBXNativeTarget "TechStepAppTests" */ = {
			isa = XCConfigurationList;
			buildConfigurations = (
				955EE9602050C40100632EF5 /* Debug */,
				955EE9612050C40100632EF5 /* Release */,
			);
			defaultConfigurationIsVisible = 0;
			defaultConfigurationName = Release;
		};
		955EE9622050C40100632EF5 /* Build configuration list for PBXNativeTarget "TechStepAppUITests" */ = {
			isa = XCConfigurationList;
			buildConfigurations = (
				955EE9632050C40100632EF5 /* Debug */,
				955EE9642050C40100632EF5 /* Release */,
			);
			defaultConfigurationIsVisible = 0;
			defaultConfigurationName = Release;
		};
/* End XCConfigurationList section */
	};
	rootObject = 955EE92C2050C40000632EF5 /* Project object */;
}
